// !$*UTF8*$!
{
	archiveVersion = 1;
	classes = {
	};
	objectVersion = 50;
	objects = {

/* Begin PBXBuildFile section */
		8064277921820B7A00C69EEA /* AppDelegate.swift in Sources */ = {isa = PBXBuildFile; fileRef = 8064277821820B7A00C69EEA /* AppDelegate.swift */; };
		8064277B21820B7A00C69EEA /* MainVC.swift in Sources */ = {isa = PBXBuildFile; fileRef = 8064277A21820B7A00C69EEA /* MainVC.swift */; };
		8064277E21820B7A00C69EEA /* Main.storyboard in Resources */ = {isa = PBXBuildFile; fileRef = 8064277C21820B7A00C69EEA /* Main.storyboard */; };
		8064278021820B7E00C69EEA /* Assets.xcassets in Resources */ = {isa = PBXBuildFile; fileRef = 8064277F21820B7E00C69EEA /* Assets.xcassets */; };
		8064278321820B7E00C69EEA /* LaunchScreen.storyboard in Resources */ = {isa = PBXBuildFile; fileRef = 8064278121820B7E00C69EEA /* LaunchScreen.storyboard */; };
		806427912182114000C69EEA /* VideoVC.swift in Sources */ = {isa = PBXBuildFile; fileRef = 806427902182114000C69EEA /* VideoVC.swift */; };
		80642793218211FB00C69EEA /* SongCell.swift in Sources */ = {isa = PBXBuildFile; fileRef = 80642792218211FA00C69EEA /* SongCell.swift */; };
		806427952182134C00C69EEA /* AppData.swift in Sources */ = {isa = PBXBuildFile; fileRef = 806427942182134C00C69EEA /* AppData.swift */; };
/* End PBXBuildFile section */

/* Begin PBXFileReference section */
		8064277521820B7A00C69EEA /* myFavArtists.app */ = {isa = PBXFileReference; explicitFileType = wrapper.application; includeInIndex = 0; path = myFavArtists.app; sourceTree = BUILT_PRODUCTS_DIR; };
		8064277821820B7A00C69EEA /* AppDelegate.swift */ = {isa = PBXFileReference; lastKnownFileType = sourcecode.swift; path = AppDelegate.swift; sourceTree = "<group>"; };
		8064277A21820B7A00C69EEA /* MainVC.swift */ = {isa = PBXFileReference; lastKnownFileType = sourcecode.swift; path = MainVC.swift; sourceTree = "<group>"; };
		8064277D21820B7A00C69EEA /* Base */ = {isa = PBXFileReference; lastKnownFileType = file.storyboard; name = Base; path = Base.lproj/Main.storyboard; sourceTree = "<group>"; };
		8064277F21820B7E00C69EEA /* Assets.xcassets */ = {isa = PBXFileReference; lastKnownFileType = folder.assetcatalog; path = Assets.xcassets; sourceTree = "<group>"; };
		8064278221820B7E00C69EEA /* Base */ = {isa = PBXFileReference; lastKnownFileType = file.storyboard; name = Base; path = Base.lproj/LaunchScreen.storyboard; sourceTree = "<group>"; };
		8064278421820B7E00C69EEA /* Info.plist */ = {isa = PBXFileReference; lastKnownFileType = text.plist.xml; path = Info.plist; sourceTree = "<group>"; };
		806427902182114000C69EEA /* VideoVC.swift */ = {isa = PBXFileReference; lastKnownFileType = sourcecode.swift; path = VideoVC.swift; sourceTree = "<group>"; };
		80642792218211FA00C69EEA /* SongCell.swift */ = {isa = PBXFileReference; lastKnownFileType = sourcecode.swift; path = SongCell.swift; sourceTree = "<group>"; };
		806427942182134C00C69EEA /* AppData.swift */ = {isa = PBXFileReference; lastKnownFileType = sourcecode.swift; path = AppData.swift; sourceTree = "<group>"; };
/* End PBXFileReference section */

/* Begin PBXFrameworksBuildPhase section */
		8064277221820B7A00C69EEA /* Frameworks */ = {
			isa = PBXFrameworksBuildPhase;
			buildActionMask = 2147483647;
			files = (
			);
			runOnlyForDeploymentPostprocessing = 0;
		};
/* End PBXFrameworksBuildPhase section */

/* Begin PBXGroup section */
		8064276C21820B7A00C69EEA = {
			isa = PBXGroup;
			children = (
				8064277721820B7A00C69EEA /* myFavArtists */,
				8064277621820B7A00C69EEA /* Products */,
			);
			sourceTree = "<group>";
		};
		8064277621820B7A00C69EEA /* Products */ = {
			isa = PBXGroup;
			children = (
				8064277521820B7A00C69EEA /* myFavArtists.app */,
			);
			name = Products;
			sourceTree = "<group>";
		};
		8064277721820B7A00C69EEA /* myFavArtists */ = {
			isa = PBXGroup;
			children = (
				8064277C21820B7A00C69EEA /* Main.storyboard */,
				8064277F21820B7E00C69EEA /* Assets.xcassets */,
				8064278121820B7E00C69EEA /* LaunchScreen.storyboard */,
				8064278421820B7E00C69EEA /* Info.plist */,
				80642796218251AD00C69EEA /* Supportting Files */,
				8064278D218210C600C69EEA /* Controllers */,
				8064278C218210BE00C69EEA /* Views */,
				8064278A218210A100C69EEA /* Models */,
			);
			path = myFavArtists;
			sourceTree = "<group>";
		};
		8064278A218210A100C69EEA /* Models */ = {
			isa = PBXGroup;
			children = (
				806427942182134C00C69EEA /* AppData.swift */,
			);
			path = Models;
			sourceTree = "<group>";
		};
		8064278C218210BE00C69EEA /* Views */ = {
			isa = PBXGroup;
			children = (
				80642792218211FA00C69EEA /* SongCell.swift */,
			);
			path = Views;
			sourceTree = "<group>";
		};
		8064278D218210C600C69EEA /* Controllers */ = {
			isa = PBXGroup;
			children = (
				8064277821820B7A00C69EEA /* AppDelegate.swift */,
				8064277A21820B7A00C69EEA /* MainVC.swift */,
				806427902182114000C69EEA /* VideoVC.swift */,
			);
			path = Controllers;
			sourceTree = "<group>";
		};
		80642796218251AD00C69EEA /* Supportting Files */ = {
			isa = PBXGroup;
			children = (
			);
			path = "Supportting Files";
			sourceTree = "<group>";
		};
/* End PBXGroup section */

/* Begin PBXNativeTarget section */
		8064277421820B7A00C69EEA /* myFavArtists */ = {
			isa = PBXNativeTarget;
			buildConfigurationList = 8064278721820B7E00C69EEA /* Build configuration list for PBXNativeTarget "myFavArtists" */;
			buildPhases = (
				8064277121820B7A00C69EEA /* Sources */,
				8064277221820B7A00C69EEA /* Frameworks */,
				8064277321820B7A00C69EEA /* Resources */,
			);
			buildRules = (
			);
			dependencies = (
			);
			name = myFavArtists;
			productName = myFavArtists;
			productReference = 8064277521820B7A00C69EEA /* myFavArtists.app */;
			productType = "com.apple.product-type.application";
		};
/* End PBXNativeTarget section */

/* Begin PBXProject section */
		8064276D21820B7A00C69EEA /* Project object */ = {
			isa = PBXProject;
			attributes = {
				LastSwiftUpdateCheck = 1000;
				LastUpgradeCheck = 1000;
				ORGANIZATIONNAME = tamkeen;
				TargetAttributes = {
					8064277421820B7A00C69EEA = {
						CreatedOnToolsVersion = 10.0;
					};
				};
			};
			buildConfigurationList = 8064277021820B7A00C69EEA /* Build configuration list for PBXProject "myFavArtists" */;
			compatibilityVersion = "Xcode 9.3";
			developmentRegion = en;
			hasScannedForEncodings = 0;
			knownRegions = (
				en,
				Base,
			);
			mainGroup = 8064276C21820B7A00C69EEA;
			productRefGroup = 8064277621820B7A00C69EEA /* Products */;
			projectDirPath = "";
			projectRoot = "";
			targets = (
				8064277421820B7A00C69EEA /* myFavArtists */,
			);
		};
/* End PBXProject section */

/* Begin PBXResourcesBuildPhase section */
		8064277321820B7A00C69EEA /* Resources */ = {
			isa = PBXResourcesBuildPhase;
			buildActionMask = 2147483647;
			files = (
				8064278321820B7E00C69EEA /* LaunchScreen.storyboard in Resources */,
				8064278021820B7E00C69EEA /* Assets.xcassets in Resources */,
				8064277E21820B7A00C69EEA /* Main.storyboard in Resources */,
			);
			runOnlyForDeploymentPostprocessing = 0;
		};
/* End PBXResourcesBuildPhase section */

/* Begin PBXSourcesBuildPhase section */
		8064277121820B7A00C69EEA /* Sources */ = {
			isa = PBXSourcesBuildPhase;
			buildActionMask = 2147483647;
			files = (
				80642793218211FB00C69EEA /* SongCell.swift in Sources */,
				806427952182134C00C69EEA /* AppData.swift in Sources */,
				806427912182114000C69EEA /* VideoVC.swift in Sources */,
				8064277B21820B7A00C69EEA /* MainVC.swift in Sources */,
				8064277921820B7A00C69EEA /* AppDelegate.swift in Sources */,
			);
			runOnlyForDeploymentPostprocessing = 0;
		};
/* End PBXSourcesBuildPhase section */

/* Begin PBXVariantGroup section */
		8064277C21820B7A00C69EEA /* Main.storyboard */ = {
			isa = PBXVariantGroup;
			children = (
				8064277D21820B7A00C69EEA /* Base */,
			);
			name = Main.storyboard;
			sourceTree = "<group>";
		};
		8064278121820B7E00C69EEA /* LaunchScreen.storyboard */ = {
			isa = PBXVariantGroup;
			children = (
				8064278221820B7E00C69EEA /* Base */,
			);
			name = LaunchScreen.storyboard;
			sourceTree = "<group>";
		};
/* End PBXVariantGroup section */

/* Begin XCBuildConfiguration section */
		8064278521820B7E00C69EEA /* Debug */ = {
			isa = XCBuildConfiguration;
			buildSettings = {
				ALWAYS_SEARCH_USER_PATHS = NO;
				CLANG_ANALYZER_NONNULL = YES;
				CLANG_ANALYZER_NUMBER_OBJECT_CONVERSION = YES_AGGRESSIVE;
				CLANG_CXX_LANGUAGE_STANDARD = "gnu++14";
				CLANG_CXX_LIBRARY = "libc++";
				CLANG_ENABLE_MODULES = YES;
				CLANG_ENABLE_OBJC_ARC = YES;
				CLANG_ENABLE_OBJC_WEAK = YES;
				CLANG_WARN_BLOCK_CAPTURE_AUTORELEASING = YES;
				CLANG_WARN_BOOL_CONVERSION = YES;
				CLANG_WARN_COMMA = YES;
				CLANG_WARN_CONSTANT_CONVERSION = YES;
				CLANG_WARN_DEPRECATED_OBJC_IMPLEMENTATIONS = YES;
				CLANG_WARN_DIRECT_OBJC_ISA_USAGE = YES_ERROR;
				CLANG_WARN_DOCUMENTATION_COMMENTS = YES;
				CLANG_WARN_EMPTY_BODY = YES;
				CLANG_WARN_ENUM_CONVERSION = YES;
				CLANG_WARN_INFINITE_RECURSION = YES;
				CLANG_WARN_INT_CONVERSION = YES;
				CLANG_WARN_NON_LITERAL_NULL_CONVERSION = YES;
				CLANG_WARN_OBJC_IMPLICIT_RETAIN_SELF = YES;
				CLANG_WARN_OBJC_LITERAL_CONVERSION = YES;
				CLANG_WARN_OBJC_ROOT_CLASS = YES_ERROR;
				CLANG_WARN_RANGE_LOOP_ANALYSIS = YES;
				CLANG_WARN_STRICT_PROTOTYPES = YES;
				CLANG_WARN_SUSPICIOUS_MOVE = YES;
				CLANG_WARN_UNGUARDED_AVAILABILITY = YES_AGGRESSIVE;
				CLANG_WARN_UNREACHABLE_CODE = YES;
				CLANG_WARN__DUPLICATE_METHOD_MATCH = YES;
				CODE_SIGN_IDENTITY = "iPhone Developer";
				COPY_PHASE_STRIP = NO;
				DEBUG_INFORMATION_FORMAT = dwarf;
				ENABLE_STRICT_OBJC_MSGSEND = YES;
				ENABLE_TESTABILITY = YES;
				GCC_C_LANGUAGE_STANDARD = gnu11;
				GCC_DYNAMIC_NO_PIC = NO;
				GCC_NO_COMMON_BLOCKS = YES;
				GCC_OPTIMIZATION_LEVEL = 0;
				GCC_PREPROCESSOR_DEFINITIONS = (
					"DEBUG=1",
					"$(inherited)",
				);
				GCC_WARN_64_TO_32_BIT_CONVERSION = YES;
				GCC_WARN_ABOUT_RETURN_TYPE = YES_ERROR;
				GCC_WARN_UNDECLARED_SELECTOR = YES;
				GCC_WARN_UNINITIALIZED_AUTOS = YES_AGGRESSIVE;
				GCC_WARN_UNUSED_FUNCTION = YES;
				GCC_WARN_UNUSED_VARIABLE = YES;
				IPHONEOS_DEPLOYMENT_TARGET = 12.0;
				MTL_ENABLE_DEBUG_INFO = INCLUDE_SOURCE;
				MTL_FAST_MATH = YES;
				ONLY_ACTIVE_ARCH = YES;
				SDKROOT = iphoneos;
				SWIFT_ACTIVE_COMPILATION_CONDITIONS = DEBUG;
				SWIFT_OPTIMIZATION_LEVEL = "-Onone";
			};
			name = Debug;
		};
		8064278621820B7E00C69EEA /* Release */ = {
			isa = XCBuildConfiguration;
			buildSettings = {
				ALWAYS_SEARCH_USER_PATHS = NO;
				CLANG_ANALYZER_NONNULL = YES;
				CLANG_ANALYZER_NUMBER_OBJECT_CONVERSION = YES_AGGRESSIVE;
				CLANG_CXX_LANGUAGE_STANDARD = "gnu++14";
				CLANG_CXX_LIBRARY = "libc++";
				CLANG_ENABLE_MODULES = YES;
				CLANG_ENABLE_OBJC_ARC = YES;
				CLANG_ENABLE_OBJC_WEAK = YES;
				CLANG_WARN_BLOCK_CAPTURE_AUTORELEASING = YES;
				CLANG_WARN_BOOL_CONVERSION = YES;
				CLANG_WARN_COMMA = YES;
				CLANG_WARN_CONSTANT_CONVERSION = YES;
				CLANG_WARN_DEPRECATED_OBJC_IMPLEMENTATIONS = YES;
				CLANG_WARN_DIRECT_OBJC_ISA_USAGE = YES_ERROR;
				CLANG_WARN_DOCUMENTATION_COMMENTS = YES;
				CLANG_WARN_EMPTY_BODY = YES;
				CLANG_WARN_ENUM_CONVERSION = YES;
				CLANG_WARN_INFINITE_RECURSION = YES;
				CLANG_WARN_INT_CONVERSION = YES;
				CLANG_WARN_NON_LITERAL_NULL_CONVERSION = YES;
				CLANG_WARN_OBJC_IMPLICIT_RETAIN_SELF = YES;
				CLANG_WARN_OBJC_LITERAL_CONVERSION = YES;
				CLANG_WARN_OBJC_ROOT_CLASS = YES_ERROR;
				CLANG_WARN_RANGE_LOOP_ANALYSIS = YES;
				CLANG_WARN_STRICT_PROTOTYPES = YES;
				CLANG_WARN_SUSPICIOUS_MOVE = YES;
				CLANG_WARN_UNGUARDED_AVAILABILITY = YES_AGGRESSIVE;
				CLANG_WARN_UNREACHABLE_CODE = YES;
				CLANG_WARN__DUPLICATE_METHOD_MATCH = YES;
				CODE_SIGN_IDENTITY = "iPhone Developer";
				COPY_PHASE_STRIP = NO;
				DEBUG_INFORMATION_FORMAT = "dwarf-with-dsym";
				ENABLE_NS_ASSERTIONS = NO;
				ENABLE_STRICT_OBJC_MSGSEND = YES;
				GCC_C_LANGUAGE_STANDARD = gnu11;
				GCC_NO_COMMON_BLOCKS = YES;
				GCC_WARN_64_TO_32_BIT_CONVERSION = YES;
				GCC_WARN_ABOUT_RETURN_TYPE = YES_ERROR;
				GCC_WARN_UNDECLARED_SELECTOR = YES;
				GCC_WARN_UNINITIALIZED_AUTOS = YES_AGGRESSIVE;
				GCC_WARN_UNUSED_FUNCTION = YES;
				GCC_WARN_UNUSED_VARIABLE = YES;
				IPHONEOS_DEPLOYMENT_TARGET = 12.0;
				MTL_ENABLE_DEBUG_INFO = NO;
				MTL_FAST_MATH = YES;
				SDKROOT = iphoneos;
				SWIFT_COMPILATION_MODE = wholemodule;
				SWIFT_OPTIMIZATION_LEVEL = "-O";
				VALIDATE_PRODUCT = YES;
			};
			name = Release;
		};
		8064278821820B7E00C69EEA /* Debug */ = {
			isa = XCBuildConfiguration;
			buildSettings = {
				ASSETCATALOG_COMPILER_APPICON_NAME = AppIcon;
				CODE_SIGN_STYLE = Automatic;
				INFOPLIST_FILE = myFavArtists/Info.plist;
				LD_RUNPATH_SEARCH_PATHS = (
					"$(inherited)",
					"@executable_path/Frameworks",
				);
				PRODUCT_BUNDLE_IDENTIFIER = "com.-tamkeen.myFavArtists";
				PRODUCT_NAME = "$(TARGET_NAME)";
				SWIFT_VERSION = 4.2;
				TARGETED_DEVICE_FAMILY = "1,2";
			};
			name = Debug;
		};
		8064278921820B7E00C69EEA /* Release */ = {
			isa = XCBuildConfiguration;
			buildSettings = {
				ASSETCATALOG_COMPILER_APPICON_NAME = AppIcon;
				CODE_SIGN_STYLE = Automatic;
				INFOPLIST_FILE = myFavArtists/Info.plist;
				LD_RUNPATH_SEARCH_PATHS = (
					"$(inherited)",
					"@executable_path/Frameworks",
				);
				PRODUCT_BUNDLE_IDENTIFIER = "com.-tamkeen.myFavArtists";
				PRODUCT_NAME = "$(TARGET_NAME)";
				SWIFT_VERSION = 4.2;
				TARGETED_DEVICE_FAMILY = "1,2";
			};
			name = Release;
		};
/* End XCBuildConfiguration section */

/* Begin XCConfigurationList section */
		8064277021820B7A00C69EEA /* Build configuration list for PBXProject "myFavArtists" */ = {
			isa = XCConfigurationList;
			buildConfigurations = (
				8064278521820B7E00C69EEA /* Debug */,
				8064278621820B7E00C69EEA /* Release */,
			);
			defaultConfigurationIsVisible = 0;
			defaultConfigurationName = Release;
		};
		8064278721820B7E00C69EEA /* Build configuration list for PBXNativeTarget "myFavArtists" */ = {
			isa = XCConfigurationList;
			buildConfigurations = (
				8064278821820B7E00C69EEA /* Debug */,
				8064278921820B7E00C69EEA /* Release */,
			);
			defaultConfigurationIsVisible = 0;
			defaultConfigurationName = Release;
		};
/* End XCConfigurationList section */
	};
	rootObject = 8064276D21820B7A00C69EEA /* Project object */;
}
